
Microsoft Visual Studio Solution File, Format Version 12.00
# Visual Studio 2013
VisualStudioVersion = 12.0.31101.0
MinimumVisualStudioVersion = 10.0.40219.1
Project("{FAE04EC0-301F-11D3-BF4B-00C04F79EFBC}") = "NumericSequence", "NumericSequence\NumericSequence.csproj", "{A5F477A9-2F45-4285-BE7B-6E1B47589AA6}"
EndProject
Project("{FAE04EC0-301F-11D3-BF4B-00C04F79EFBC}") = "NumericSequence.Tests", "NumericSequence.Tests\NumericSequence.Tests.csproj", "{B4E3A573-3EFD-4221-85DE-55CAED3C7670}"
EndProject
Project("{FAE04EC0-301F-11D3-BF4B-00C04F79EFBC}") = "CodedUITestNumericSequence", "CodedUITestNumericSequence\CodedUITestNumericSequence.csproj", "{01D67BD9-516F-4504-8040-AB7559752493}"
EndProject
Global
	GlobalSection(SolutionConfigurationPlatforms) = preSolution
		Debug|Any CPU = Debug|Any CPU
		Release|Any CPU = Release|Any CPU
	EndGlobalSection
	GlobalSection(ProjectConfigurationPlatforms) = postSolution
		{A5F477A9-2F45-4285-BE7B-6E1B47589AA6}.Debug|Any CPU.ActiveCfg = Debug|Any CPU
		{A5F477A9-2F45-4285-BE7B-6E1B47589AA6}.Debug|Any CPU.Build.0 = Debug|Any CPU
		{A5F477A9-2F45-4285-BE7B-6E1B47589AA6}.Release|Any CPU.ActiveCfg = Release|Any CPU
		{A5F477A9-2F45-4285-BE7B-6E1B47589AA6}.Release|Any CPU.Build.0 = Release|Any CPU
		{B4E3A573-3EFD-4221-85DE-55CAED3C7670}.Debug|Any CPU.ActiveCfg = Debug|Any CPU
		{B4E3A573-3EFD-4221-85DE-55CAED3C7670}.Debug|Any CPU.Build.0 = Debug|Any CPU
		{B4E3A573-3EFD-4221-85DE-55CAED3C7670}.Release|Any CPU.ActiveCfg = Release|Any CPU
		{B4E3A573-3EFD-4221-85DE-55CAED3C7670}.Release|Any CPU.Build.0 = Release|Any CPU
		{01D67BD9-516F-4504-8040-AB7559752493}.Debug|Any CPU.ActiveCfg = Debug|Any CPU
		{01D67BD9-516F-4504-8040-AB7559752493}.Debug|Any CPU.Build.0 = Debug|Any CPU
		{01D67BD9-516F-4504-8040-AB7559752493}.Release|Any CPU.ActiveCfg = Release|Any CPU
		{01D67BD9-516F-4504-8040-AB7559752493}.Release|Any CPU.Build.0 = Release|Any CPU
	EndGlobalSection
	GlobalSection(SolutionProperties) = preSolution
		HideSolutionNode = FALSE
	EndGlobalSection
EndGlobal
